
Microsoft Visual Studio Solution File, Format Version 12.00
Project("{FAE04EC0-301F-11D3-BF4B-00C04F79EFBC}") = "CSharp", "CSharp\CSharp.csproj", "{2436CAE4-0500-459A-80BB-365711060B48}"
EndProject
Project("{FAE04EC0-301F-11D3-BF4B-00C04F79EFBC}") = "Patterns", "Patterns\Patterns.csproj", "{E726B5BB-C693-4321-8937-BA8BE652ABAD}"
EndProject
Project("{FAE04EC0-301F-11D3-BF4B-00C04F79EFBC}") = "Collections", "Collections\Collections.csproj", "{D107BAFC-0C5F-4706-A9E9-FB68DF8BC00E}"
EndProject
Project("{FAE04EC0-301F-11D3-BF4B-00C04F79EFBC}") = "String", "String\String.csproj", "{F9D460D2-8AA1-465A-9434-D1434A00E8F0}"
EndProject
Project("{FAE04EC0-301F-11D3-BF4B-00C04F79EFBC}") = "Times", "Times\Times.csproj", "{1F1EC81E-B1A2-44EE-B6C6-093DA495FD7F}"
EndProject
Project("{FAE04EC0-301F-11D3-BF4B-00C04F79EFBC}") = "Addition", "Addition\Addition.csproj", "{CDAE638F-D54C-42E8-A010-9A1C150DCF39}"
EndProject
Project("{FAE04EC0-301F-11D3-BF4B-00C04F79EFBC}") = "Threading", "Threading\Threading.csproj", "{D6CB5A6E-2A05-4576-ACE7-E079F554F1A7}"
EndProject
Global
	GlobalSection(SolutionConfigurationPlatforms) = preSolution
		Debug|Any CPU = Debug|Any CPU
		Release|Any CPU = Release|Any CPU
	EndGlobalSection
	GlobalSection(ProjectConfigurationPlatforms) = postSolution
		{2436CAE4-0500-459A-80BB-365711060B48}.Debug|Any CPU.ActiveCfg = Debug|Any CPU
		{2436CAE4-0500-459A-80BB-365711060B48}.Debug|Any CPU.Build.0 = Debug|Any CPU
		{2436CAE4-0500-459A-80BB-365711060B48}.Release|Any CPU.ActiveCfg = Release|Any CPU
		{2436CAE4-0500-459A-80BB-365711060B48}.Release|Any CPU.Build.0 = Release|Any CPU
		{E726B5BB-C693-4321-8937-BA8BE652ABAD}.Debug|Any CPU.ActiveCfg = Debug|Any CPU
		{E726B5BB-C693-4321-8937-BA8BE652ABAD}.Debug|Any CPU.Build.0 = Debug|Any CPU
		{E726B5BB-C693-4321-8937-BA8BE652ABAD}.Release|Any CPU.ActiveCfg = Release|Any CPU
		{E726B5BB-C693-4321-8937-BA8BE652ABAD}.Release|Any CPU.Build.0 = Release|Any CPU
		{D107BAFC-0C5F-4706-A9E9-FB68DF8BC00E}.Debug|Any CPU.ActiveCfg = Debug|Any CPU
		{D107BAFC-0C5F-4706-A9E9-FB68DF8BC00E}.Debug|Any CPU.Build.0 = Debug|Any CPU
		{D107BAFC-0C5F-4706-A9E9-FB68DF8BC00E}.Release|Any CPU.ActiveCfg = Release|Any CPU
		{D107BAFC-0C5F-4706-A9E9-FB68DF8BC00E}.Release|Any CPU.Build.0 = Release|Any CPU
		{F9D460D2-8AA1-465A-9434-D1434A00E8F0}.Debug|Any CPU.ActiveCfg = Debug|Any CPU
		{F9D460D2-8AA1-465A-9434-D1434A00E8F0}.Debug|Any CPU.Build.0 = Debug|Any CPU
		{F9D460D2-8AA1-465A-9434-D1434A00E8F0}.Release|Any CPU.ActiveCfg = Release|Any CPU
		{F9D460D2-8AA1-465A-9434-D1434A00E8F0}.Release|Any CPU.Build.0 = Release|Any CPU
		{1F1EC81E-B1A2-44EE-B6C6-093DA495FD7F}.Debug|Any CPU.ActiveCfg = Debug|Any CPU
		{1F1EC81E-B1A2-44EE-B6C6-093DA495FD7F}.Debug|Any CPU.Build.0 = Debug|Any CPU
		{1F1EC81E-B1A2-44EE-B6C6-093DA495FD7F}.Release|Any CPU.ActiveCfg = Release|Any CPU
		{1F1EC81E-B1A2-44EE-B6C6-093DA495FD7F}.Release|Any CPU.Build.0 = Release|Any CPU
		{CDAE638F-D54C-42E8-A010-9A1C150DCF39}.Debug|Any CPU.ActiveCfg = Debug|Any CPU
		{CDAE638F-D54C-42E8-A010-9A1C150DCF39}.Debug|Any CPU.Build.0 = Debug|Any CPU
		{CDAE638F-D54C-42E8-A010-9A1C150DCF39}.Release|Any CPU.ActiveCfg = Release|Any CPU
		{CDAE638F-D54C-42E8-A010-9A1C150DCF39}.Release|Any CPU.Build.0 = Release|Any CPU
		{D6CB5A6E-2A05-4576-ACE7-E079F554F1A7}.Debug|Any CPU.ActiveCfg = Debug|Any CPU
		{D6CB5A6E-2A05-4576-ACE7-E079F554F1A7}.Debug|Any CPU.Build.0 = Debug|Any CPU
		{D6CB5A6E-2A05-4576-ACE7-E079F554F1A7}.Release|Any CPU.ActiveCfg = Release|Any CPU
		{D6CB5A6E-2A05-4576-ACE7-E079F554F1A7}.Release|Any CPU.Build.0 = Release|Any CPU
	EndGlobalSection
EndGlobal
